
Microsoft Visual Studio Solution File, Format Version 12.00
# Visual Studio Version 16
VisualStudioVersion = 16.0.33027.164
MinimumVisualStudioVersion = 10.0.40219.1
Project("{9A19103F-16F7-4668-BE54-9A1E7A4F7556}") = "WhatsYourOpinion", "WhatsYourOpinion\WhatsYourOpinion.csproj", "{48DDEB15-FB64-4419-95BA-8C83C051DDE5}"
EndProject
Project("{9A19103F-16F7-4668-BE54-9A1E7A4F7556}") = "Core", "Core\Core.csproj", "{E4C80BAF-519E-4638-A2A9-011BAF0A4769}"
EndProject
Project("{9A19103F-16F7-4668-BE54-9A1E7A4F7556}") = "Data", "Data\Data.csproj", "{BFC19AA1-7D27-4DB8-95A3-CA218F7949C3}"
EndProject
Global
	GlobalSection(SolutionConfigurationPlatforms) = preSolution
		Debug|Any CPU = Debug|Any CPU
		Release|Any CPU = Release|Any CPU
	EndGlobalSection
	GlobalSection(ProjectConfigurationPlatforms) = postSolution
		{48DDEB15-FB64-4419-95BA-8C83C051DDE5}.Debug|Any CPU.ActiveCfg = Debug|Any CPU
		{48DDEB15-FB64-4419-95BA-8C83C051DDE5}.Debug|Any CPU.Build.0 = Debug|Any CPU
		{48DDEB15-FB64-4419-95BA-8C83C051DDE5}.Release|Any CPU.ActiveCfg = Release|Any CPU
		{48DDEB15-FB64-4419-95BA-8C83C051DDE5}.Release|Any CPU.Build.0 = Release|Any CPU
		{E4C80BAF-519E-4638-A2A9-011BAF0A4769}.Debug|Any CPU.ActiveCfg = Debug|Any CPU
		{E4C80BAF-519E-4638-A2A9-011BAF0A4769}.Debug|Any CPU.Build.0 = Debug|Any CPU
		{E4C80BAF-519E-4638-A2A9-011BAF0A4769}.Release|Any CPU.ActiveCfg = Release|Any CPU
		{E4C80BAF-519E-4638-A2A9-011BAF0A4769}.Release|Any CPU.Build.0 = Release|Any CPU
		{BFC19AA1-7D27-4DB8-95A3-CA218F7949C3}.Debug|Any CPU.ActiveCfg = Debug|Any CPU
		{BFC19AA1-7D27-4DB8-95A3-CA218F7949C3}.Debug|Any CPU.Build.0 = Debug|Any CPU
		{BFC19AA1-7D27-4DB8-95A3-CA218F7949C3}.Release|Any CPU.ActiveCfg = Release|Any CPU
		{BFC19AA1-7D27-4DB8-95A3-CA218F7949C3}.Release|Any CPU.Build.0 = Release|Any CPU
	EndGlobalSection
	GlobalSection(SolutionProperties) = preSolution
		HideSolutionNode = FALSE
	EndGlobalSection
	GlobalSection(ExtensibilityGlobals) = postSolution
		SolutionGuid = {55976CAB-05ED-4EF4-BDF8-FA1464C44A48}
	EndGlobalSection
EndGlobal
