
Microsoft Visual Studio Solution File, Format Version 12.00
# Visual Studio Version 17
VisualStudioVersion = 17.1.32421.90
MinimumVisualStudioVersion = 10.0.40219.1
Project("{9A19103F-16F7-4668-BE54-9A1E7A4F7556}") = "WhatsYourOpinion", "WhatsYourOpinion\WhatsYourOpinion.csproj", "{48DDEB15-FB64-4419-95BA-8C83C051DDE5}"
EndProject
Global
	GlobalSection(SolutionConfigurationPlatforms) = preSolution
		Debug|Any CPU = Debug|Any CPU
		Release|Any CPU = Release|Any CPU
	EndGlobalSection
	GlobalSection(ProjectConfigurationPlatforms) = postSolution
		{48DDEB15-FB64-4419-95BA-8C83C051DDE5}.Debug|Any CPU.ActiveCfg = Debug|Any CPU
		{48DDEB15-FB64-4419-95BA-8C83C051DDE5}.Debug|Any CPU.Build.0 = Debug|Any CPU
		{48DDEB15-FB64-4419-95BA-8C83C051DDE5}.Release|Any CPU.ActiveCfg = Release|Any CPU
		{48DDEB15-FB64-4419-95BA-8C83C051DDE5}.Release|Any CPU.Build.0 = Release|Any CPU
	EndGlobalSection
	GlobalSection(SolutionProperties) = preSolution
		HideSolutionNode = FALSE
	EndGlobalSection
	GlobalSection(ExtensibilityGlobals) = postSolution
		SolutionGuid = {55976CAB-05ED-4EF4-BDF8-FA1464C44A48}
	EndGlobalSection
EndGlobal
